
Microsoft Visual Studio Solution File, Format Version 12.00
# Visual Studio Version 16
VisualStudioVersion = 16.0.31613.86
MinimumVisualStudioVersion = 10.0.40219.1
Project("{8BC9CEB8-8B4A-11D0-8D11-00A0C91BC942}") = "test_8_29", "test_8_29\test_8_29.vcxproj", "{0F26989A-75BB-4365-A6FD-385F81EEE778}"
EndProject
Global
	GlobalSection(SolutionConfigurationPlatforms) = preSolution
		Debug|x64 = Debug|x64
		Debug|x86 = Debug|x86
		Release|x64 = Release|x64
		Release|x86 = Release|x86
	EndGlobalSection
	GlobalSection(ProjectConfigurationPlatforms) = postSolution
		{0F26989A-75BB-4365-A6FD-385F81EEE778}.Debug|x64.ActiveCfg = Debug|x64
		{0F26989A-75BB-4365-A6FD-385F81EEE778}.Debug|x64.Build.0 = Debug|x64
		{0F26989A-75BB-4365-A6FD-385F81EEE778}.Debug|x86.ActiveCfg = Debug|Win32
		{0F26989A-75BB-4365-A6FD-385F81EEE778}.Debug|x86.Build.0 = Debug|Win32
		{0F26989A-75BB-4365-A6FD-385F81EEE778}.Release|x64.ActiveCfg = Release|x64
		{0F26989A-75BB-4365-A6FD-385F81EEE778}.Release|x64.Build.0 = Release|x64
		{0F26989A-75BB-4365-A6FD-385F81EEE778}.Release|x86.ActiveCfg = Release|Win32
		{0F26989A-75BB-4365-A6FD-385F81EEE778}.Release|x86.Build.0 = Release|Win32
	EndGlobalSection
	GlobalSection(SolutionProperties) = preSolution
		HideSolutionNode = FALSE
	EndGlobalSection
	GlobalSection(ExtensibilityGlobals) = postSolution
		SolutionGuid = {57CD53F6-6FDB-43B9-9F13-FD56FE8DA7CD}
	EndGlobalSection
EndGlobal
